
Microsoft Visual Studio Solution File, Format Version 12.00
Project("{FAE04EC0-301F-11D3-BF4B-00C04F79EFBC}") = "Octans.Server", "Octans.Server\Octans.Server.csproj", "{F09AD775-E977-4535-8B8E-B79DA706356F}"
EndProject
Project("{FAE04EC0-301F-11D3-BF4B-00C04F79EFBC}") = "Octans.Core", "Octans.Core\Octans.Core.csproj", "{9735D5D7-7B8F-4A73-B91C-7502847F17A8}"
EndProject
Project("{FAE04EC0-301F-11D3-BF4B-00C04F79EFBC}") = "Octans.Data", "Octans.Data\Octans.Data.csproj", "{489AE62E-8F38-41DD-8EB6-AD56D7FD34D6}"
EndProject
Project("{FAE04EC0-301F-11D3-BF4B-00C04F79EFBC}") = "Octans.Tests", "Octans.Tests\Octans.Tests.csproj", "{ED67EBC8-0863-48C3-88DA-F99A32C08AB5}"
EndProject
Project("{FAE04EC0-301F-11D3-BF4B-00C04F79EFBC}") = "Octans.Client", "Octans.Client\Octans.Client.csproj", "{DF955C2A-8384-4BFF-B10B-DE8ED1B91C64}"
EndProject
Project("{2150E333-8FDC-42A3-9474-1A3956D46DE8}") = "Files", "Files", "{4B0EF49D-C3F9-4260-A86F-7AC678360B12}"
	ProjectSection(SolutionItems) = preProject
		README.md = README.md
		Directory.Packages.props = Directory.Packages.props
		Directory.Build.props = Directory.Build.props
		CONVENTIONS.md = CONVENTIONS.md
	EndProjectSection
EndProject
Global
	GlobalSection(SolutionConfigurationPlatforms) = preSolution
		Debug|Any CPU = Debug|Any CPU
		Release|Any CPU = Release|Any CPU
	EndGlobalSection
	GlobalSection(ProjectConfigurationPlatforms) = postSolution
		{F09AD775-E977-4535-8B8E-B79DA706356F}.Debug|Any CPU.ActiveCfg = Debug|Any CPU
		{F09AD775-E977-4535-8B8E-B79DA706356F}.Debug|Any CPU.Build.0 = Debug|Any CPU
		{F09AD775-E977-4535-8B8E-B79DA706356F}.Release|Any CPU.ActiveCfg = Release|Any CPU
		{F09AD775-E977-4535-8B8E-B79DA706356F}.Release|Any CPU.Build.0 = Release|Any CPU
		{9735D5D7-7B8F-4A73-B91C-7502847F17A8}.Debug|Any CPU.ActiveCfg = Debug|Any CPU
		{9735D5D7-7B8F-4A73-B91C-7502847F17A8}.Debug|Any CPU.Build.0 = Debug|Any CPU
		{9735D5D7-7B8F-4A73-B91C-7502847F17A8}.Release|Any CPU.ActiveCfg = Release|Any CPU
		{9735D5D7-7B8F-4A73-B91C-7502847F17A8}.Release|Any CPU.Build.0 = Release|Any CPU
		{489AE62E-8F38-41DD-8EB6-AD56D7FD34D6}.Debug|Any CPU.ActiveCfg = Debug|Any CPU
		{489AE62E-8F38-41DD-8EB6-AD56D7FD34D6}.Debug|Any CPU.Build.0 = Debug|Any CPU
		{489AE62E-8F38-41DD-8EB6-AD56D7FD34D6}.Release|Any CPU.ActiveCfg = Release|Any CPU
		{489AE62E-8F38-41DD-8EB6-AD56D7FD34D6}.Release|Any CPU.Build.0 = Release|Any CPU
		{ED67EBC8-0863-48C3-88DA-F99A32C08AB5}.Debug|Any CPU.ActiveCfg = Debug|Any CPU
		{ED67EBC8-0863-48C3-88DA-F99A32C08AB5}.Debug|Any CPU.Build.0 = Debug|Any CPU
		{ED67EBC8-0863-48C3-88DA-F99A32C08AB5}.Release|Any CPU.ActiveCfg = Release|Any CPU
		{ED67EBC8-0863-48C3-88DA-F99A32C08AB5}.Release|Any CPU.Build.0 = Release|Any CPU
		{DF955C2A-8384-4BFF-B10B-DE8ED1B91C64}.Debug|Any CPU.ActiveCfg = Debug|Any CPU
		{DF955C2A-8384-4BFF-B10B-DE8ED1B91C64}.Debug|Any CPU.Build.0 = Debug|Any CPU
		{DF955C2A-8384-4BFF-B10B-DE8ED1B91C64}.Release|Any CPU.ActiveCfg = Release|Any CPU
		{DF955C2A-8384-4BFF-B10B-DE8ED1B91C64}.Release|Any CPU.Build.0 = Release|Any CPU
	EndGlobalSection
EndGlobal
